// !$*UTF8*$!
{
	archiveVersion = 1;
	classes = {
	};
	objectVersion = 51;
	objects = {

/* Begin PBXBuildFile section */
		10073D242372B3B2000DF447 /* CDRouterService.m in Sources */ = {isa = PBXBuildFile; fileRef = 10073D232372B3B2000DF447 /* CDRouterService.m */; };
		10073D282372CA9F000DF447 /* UIViewController+CDRoute.m in Sources */ = {isa = PBXBuildFile; fileRef = 10073D272372CA9F000DF447 /* UIViewController+CDRoute.m */; };
		1091CF0322A102C6009E93CF /* AppDelegate.m in Sources */ = {isa = PBXBuildFile; fileRef = 1091CF0222A102C6009E93CF /* AppDelegate.m */; };
		1091CF0622A102C6009E93CF /* ViewController.m in Sources */ = {isa = PBXBuildFile; fileRef = 1091CF0522A102C6009E93CF /* ViewController.m */; };
		1091CF0922A102C6009E93CF /* Main.storyboard in Resources */ = {isa = PBXBuildFile; fileRef = 1091CF0722A102C6009E93CF /* Main.storyboard */; };
		1091CF0B22A102C8009E93CF /* Assets.xcassets in Resources */ = {isa = PBXBuildFile; fileRef = 1091CF0A22A102C8009E93CF /* Assets.xcassets */; };
		1091CF0E22A102C8009E93CF /* LaunchScreen.storyboard in Resources */ = {isa = PBXBuildFile; fileRef = 1091CF0C22A102C8009E93CF /* LaunchScreen.storyboard */; };
		1091CF1122A102C8009E93CF /* main.m in Sources */ = {isa = PBXBuildFile; fileRef = 1091CF1022A102C8009E93CF /* main.m */; };
		10E871B0237162E400D592B0 /* ViewController1.m in Sources */ = {isa = PBXBuildFile; fileRef = 10E871AF237162E400D592B0 /* ViewController1.m */; };
		991757D9D9C3AF80822EAFA1 /* Pods_JLRouteDemo.framework in Frameworks */ = {isa = PBXBuildFile; fileRef = BA7A1081072622C925995133 /* Pods_JLRouteDemo.framework */; };
/* End PBXBuildFile section */

/* Begin PBXFileReference section */
		0C7A660F81BFB398199F4CF6 /* Pods-JLRouteDemo.debug.xcconfig */ = {isa = PBXFileReference; includeInIndex = 1; lastKnownFileType = text.xcconfig; name = "Pods-JLRouteDemo.debug.xcconfig"; path = "Target Support Files/Pods-JLRouteDemo/Pods-JLRouteDemo.debug.xcconfig"; sourceTree = "<group>"; };
		10073D222372B3B2000DF447 /* CDRouterService.h */ = {isa = PBXFileReference; lastKnownFileType = sourcecode.c.h; path = CDRouterService.h; sourceTree = "<group>"; };
		10073D232372B3B2000DF447 /* CDRouterService.m */ = {isa = PBXFileReference; lastKnownFileType = sourcecode.c.objc; path = CDRouterService.m; sourceTree = "<group>"; };
		10073D252372B3DA000DF447 /* CDRouterServiceProtocol.h */ = {isa = PBXFileReference; lastKnownFileType = sourcecode.c.h; path = CDRouterServiceProtocol.h; sourceTree = "<group>"; };
		10073D262372CA9F000DF447 /* UIViewController+CDRoute.h */ = {isa = PBXFileReference; lastKnownFileType = sourcecode.c.h; path = "UIViewController+CDRoute.h"; sourceTree = "<group>"; };
		10073D272372CA9F000DF447 /* UIViewController+CDRoute.m */ = {isa = PBXFileReference; lastKnownFileType = sourcecode.c.objc; path = "UIViewController+CDRoute.m"; sourceTree = "<group>"; };
		10073D292372D0F6000DF447 /* CDRRouteDefinitionTargetController.h */ = {isa = PBXFileReference; lastKnownFileType = sourcecode.c.h; path = CDRRouteDefinitionTargetController.h; sourceTree = "<group>"; };
		1091CEFE22A102C6009E93CF /* JLRouteDemo.app */ = {isa = PBXFileReference; explicitFileType = wrapper.application; includeInIndex = 0; path = JLRouteDemo.app; sourceTree = BUILT_PRODUCTS_DIR; };
		1091CF0122A102C6009E93CF /* AppDelegate.h */ = {isa = PBXFileReference; lastKnownFileType = sourcecode.c.h; path = AppDelegate.h; sourceTree = "<group>"; };
		1091CF0222A102C6009E93CF /* AppDelegate.m */ = {isa = PBXFileReference; lastKnownFileType = sourcecode.c.objc; path = AppDelegate.m; sourceTree = "<group>"; };
		1091CF0422A102C6009E93CF /* ViewController.h */ = {isa = PBXFileReference; lastKnownFileType = sourcecode.c.h; path = ViewController.h; sourceTree = "<group>"; };
		1091CF0522A102C6009E93CF /* ViewController.m */ = {isa = PBXFileReference; lastKnownFileType = sourcecode.c.objc; path = ViewController.m; sourceTree = "<group>"; };
		1091CF0822A102C6009E93CF /* Base */ = {isa = PBXFileReference; lastKnownFileType = file.storyboard; name = Base; path = Base.lproj/Main.storyboard; sourceTree = "<group>"; };
		1091CF0A22A102C8009E93CF /* Assets.xcassets */ = {isa = PBXFileReference; lastKnownFileType = folder.assetcatalog; path = Assets.xcassets; sourceTree = "<group>"; };
		1091CF0D22A102C8009E93CF /* Base */ = {isa = PBXFileReference; lastKnownFileType = file.storyboard; name = Base; path = Base.lproj/LaunchScreen.storyboard; sourceTree = "<group>"; };
		1091CF0F22A102C8009E93CF /* Info.plist */ = {isa = PBXFileReference; lastKnownFileType = text.plist.xml; path = Info.plist; sourceTree = "<group>"; };
		1091CF1022A102C8009E93CF /* main.m */ = {isa = PBXFileReference; lastKnownFileType = sourcecode.c.objc; path = main.m; sourceTree = "<group>"; };
		10E871AE237162E400D592B0 /* ViewController1.h */ = {isa = PBXFileReference; lastKnownFileType = sourcecode.c.h; path = ViewController1.h; sourceTree = "<group>"; };
		10E871AF237162E400D592B0 /* ViewController1.m */ = {isa = PBXFileReference; lastKnownFileType = sourcecode.c.objc; path = ViewController1.m; sourceTree = "<group>"; };
		420355682F88B211EC1767B2 /* Pods-JLRouteDemo.release.xcconfig */ = {isa = PBXFileReference; includeInIndex = 1; lastKnownFileType = text.xcconfig; name = "Pods-JLRouteDemo.release.xcconfig"; path = "Target Support Files/Pods-JLRouteDemo/Pods-JLRouteDemo.release.xcconfig"; sourceTree = "<group>"; };
		BA7A1081072622C925995133 /* Pods_JLRouteDemo.framework */ = {isa = PBXFileReference; explicitFileType = wrapper.framework; includeInIndex = 0; path = Pods_JLRouteDemo.framework; sourceTree = BUILT_PRODUCTS_DIR; };
/* End PBXFileReference section */

/* Begin PBXFrameworksBuildPhase section */
		1091CEFB22A102C6009E93CF /* Frameworks */ = {
			isa = PBXFrameworksBuildPhase;
			buildActionMask = 2147483647;
			files = (
				991757D9D9C3AF80822EAFA1 /* Pods_JLRouteDemo.framework in Frameworks */,
			);
			runOnlyForDeploymentPostprocessing = 0;
		};
/* End PBXFrameworksBuildPhase section */

/* Begin PBXGroup section */
		10073D2A23730AAE000DF447 /* Route */ = {
			isa = PBXGroup;
			children = (
				10073D292372D0F6000DF447 /* CDRRouteDefinitionTargetController.h */,
				10073D252372B3DA000DF447 /* CDRouterServiceProtocol.h */,
				10073D222372B3B2000DF447 /* CDRouterService.h */,
				10073D232372B3B2000DF447 /* CDRouterService.m */,
				10073D262372CA9F000DF447 /* UIViewController+CDRoute.h */,
				10073D272372CA9F000DF447 /* UIViewController+CDRoute.m */,
			);
			path = Route;
			sourceTree = "<group>";
		};
		1091CEF522A102C6009E93CF = {
			isa = PBXGroup;
			children = (
				1091CF0022A102C6009E93CF /* JLRouteDemo */,
				1091CEFF22A102C6009E93CF /* Products */,
				2C4B9301106AED2DED2F8115 /* Pods */,
				5A8B5C9566FE70C119D1F8ED /* Frameworks */,
			);
			sourceTree = "<group>";
		};
		1091CEFF22A102C6009E93CF /* Products */ = {
			isa = PBXGroup;
			children = (
				1091CEFE22A102C6009E93CF /* JLRouteDemo.app */,
			);
			name = Products;
			sourceTree = "<group>";
		};
		1091CF0022A102C6009E93CF /* JLRouteDemo */ = {
			isa = PBXGroup;
			children = (
				1091CF0122A102C6009E93CF /* AppDelegate.h */,
				1091CF0222A102C6009E93CF /* AppDelegate.m */,
				1091CF0422A102C6009E93CF /* ViewController.h */,
				1091CF0522A102C6009E93CF /* ViewController.m */,
				10E871AE237162E400D592B0 /* ViewController1.h */,
				10E871AF237162E400D592B0 /* ViewController1.m */,
				10073D2A23730AAE000DF447 /* Route */,
				1091CF0722A102C6009E93CF /* Main.storyboard */,
				1091CF0A22A102C8009E93CF /* Assets.xcassets */,
				1091CF0C22A102C8009E93CF /* LaunchScreen.storyboard */,
				1091CF0F22A102C8009E93CF /* Info.plist */,
				1091CF1022A102C8009E93CF /* main.m */,
			);
			path = JLRouteDemo;
			sourceTree = "<group>";
		};
		2C4B9301106AED2DED2F8115 /* Pods */ = {
			isa = PBXGroup;
			children = (
				0C7A660F81BFB398199F4CF6 /* Pods-JLRouteDemo.debug.xcconfig */,
				420355682F88B211EC1767B2 /* Pods-JLRouteDemo.release.xcconfig */,
			);
			path = Pods;
			sourceTree = "<group>";
		};
		5A8B5C9566FE70C119D1F8ED /* Frameworks */ = {
			isa = PBXGroup;
			children = (
				BA7A1081072622C925995133 /* Pods_JLRouteDemo.framework */,
			);
			name = Frameworks;
			sourceTree = "<group>";
		};
/* End PBXGroup section */

/* Begin PBXNativeTarget section */
		1091CEFD22A102C6009E93CF /* JLRouteDemo */ = {
			isa = PBXNativeTarget;
			buildConfigurationList = 1091CF1422A102C8009E93CF /* Build configuration list for PBXNativeTarget "JLRouteDemo" */;
			buildPhases = (
				C729033590DB22F1FDE73F06 /* [CP] Check Pods Manifest.lock */,
				1091CEFA22A102C6009E93CF /* Sources */,
				1091CEFB22A102C6009E93CF /* Frameworks */,
				1091CEFC22A102C6009E93CF /* Resources */,
				FEFDA5B9C247835A96B73DDF /* [CP] Embed Pods Frameworks */,
			);
			buildRules = (
			);
			dependencies = (
			);
			name = JLRouteDemo;
			productName = JLRouteDemo;
			productReference = 1091CEFE22A102C6009E93CF /* JLRouteDemo.app */;
			productType = "com.apple.product-type.application";
		};
/* End PBXNativeTarget section */

/* Begin PBXProject section */
		1091CEF622A102C6009E93CF /* Project object */ = {
			isa = PBXProject;
			attributes = {
				LastUpgradeCheck = 1010;
				ORGANIZATIONNAME = cqz;
				TargetAttributes = {
					1091CEFD22A102C6009E93CF = {
						CreatedOnToolsVersion = 10.1;
					};
				};
			};
			buildConfigurationList = 1091CEF922A102C6009E93CF /* Build configuration list for PBXProject "JLRouteDemo" */;
			compatibilityVersion = "Xcode 9.3";
			developmentRegion = en;
			hasScannedForEncodings = 0;
			knownRegions = (
				en,
				Base,
			);
			mainGroup = 1091CEF522A102C6009E93CF;
			productRefGroup = 1091CEFF22A102C6009E93CF /* Products */;
			projectDirPath = "";
			projectRoot = "";
			targets = (
				1091CEFD22A102C6009E93CF /* JLRouteDemo */,
			);
		};
/* End PBXProject section */

/* Begin PBXResourcesBuildPhase section */
		1091CEFC22A102C6009E93CF /* Resources */ = {
			isa = PBXResourcesBuildPhase;
			buildActionMask = 2147483647;
			files = (
				1091CF0E22A102C8009E93CF /* LaunchScreen.storyboard in Resources */,
				1091CF0B22A102C8009E93CF /* Assets.xcassets in Resources */,
				1091CF0922A102C6009E93CF /* Main.storyboard in Resources */,
			);
			runOnlyForDeploymentPostprocessing = 0;
		};
/* End PBXResourcesBuildPhase section */

/* Begin PBXShellScriptBuildPhase section */
		C729033590DB22F1FDE73F06 /* [CP] Check Pods Manifest.lock */ = {
			isa = PBXShellScriptBuildPhase;
			buildActionMask = 2147483647;
			files = (
			);
			inputFileListPaths = (
			);
			inputPaths = (
				"${PODS_PODFILE_DIR_PATH}/Podfile.lock",
				"${PODS_ROOT}/Manifest.lock",
			);
			name = "[CP] Check Pods Manifest.lock";
			outputFileListPaths = (
			);
			outputPaths = (
				"$(DERIVED_FILE_DIR)/Pods-JLRouteDemo-checkManifestLockResult.txt",
			);
			runOnlyForDeploymentPostprocessing = 0;
			shellPath = /bin/sh;
			shellScript = "diff \"${PODS_PODFILE_DIR_PATH}/Podfile.lock\" \"${PODS_ROOT}/Manifest.lock\" > /dev/null\nif [ $? != 0 ] ; then\n    # print error to STDERR\n    echo \"error: The sandbox is not in sync with the Podfile.lock. Run 'pod install' or update your CocoaPods installation.\" >&2\n    exit 1\nfi\n# This output is used by Xcode 'outputs' to avoid re-running this script phase.\necho \"SUCCESS\" > \"${SCRIPT_OUTPUT_FILE_0}\"\n";
			showEnvVarsInLog = 0;
		};
		FEFDA5B9C247835A96B73DDF /* [CP] Embed Pods Frameworks */ = {
			isa = PBXShellScriptBuildPhase;
			buildActionMask = 2147483647;
			files = (
			);
			inputFileListPaths = (
				"${PODS_ROOT}/Target Support Files/Pods-JLRouteDemo/Pods-JLRouteDemo-frameworks-${CONFIGURATION}-input-files.xcfilelist",
			);
			name = "[CP] Embed Pods Frameworks";
			outputFileListPaths = (
				"${PODS_ROOT}/Target Support Files/Pods-JLRouteDemo/Pods-JLRouteDemo-frameworks-${CONFIGURATION}-output-files.xcfilelist",
			);
			runOnlyForDeploymentPostprocessing = 0;
			shellPath = /bin/sh;
			shellScript = "\"${PODS_ROOT}/Target Support Files/Pods-JLRouteDemo/Pods-JLRouteDemo-frameworks.sh\"\n";
			showEnvVarsInLog = 0;
		};
/* End PBXShellScriptBuildPhase section */

/* Begin PBXSourcesBuildPhase section */
		1091CEFA22A102C6009E93CF /* Sources */ = {
			isa = PBXSourcesBuildPhase;
			buildActionMask = 2147483647;
			files = (
				10073D282372CA9F000DF447 /* UIViewController+CDRoute.m in Sources */,
				10E871B0237162E400D592B0 /* ViewController1.m in Sources */,
				1091CF0622A102C6009E93CF /* ViewController.m in Sources */,
				1091CF1122A102C8009E93CF /* main.m in Sources */,
				1091CF0322A102C6009E93CF /* AppDelegate.m in Sources */,
				10073D242372B3B2000DF447 /* CDRouterService.m in Sources */,
			);
			runOnlyForDeploymentPostprocessing = 0;
		};
/* End PBXSourcesBuildPhase section */

/* Begin PBXVariantGroup section */
		1091CF0722A102C6009E93CF /* Main.storyboard */ = {
			isa = PBXVariantGroup;
			children = (
				1091CF0822A102C6009E93CF /* Base */,
			);
			name = Main.storyboard;
			sourceTree = "<group>";
		};
		1091CF0C22A102C8009E93CF /* LaunchScreen.storyboard */ = {
			isa = PBXVariantGroup;
			children = (
				1091CF0D22A102C8009E93CF /* Base */,
			);
			name = LaunchScreen.storyboard;
			sourceTree = "<group>";
		};
/* End PBXVariantGroup section */

/* Begin XCBuildConfiguration section */
		1091CF1222A102C8009E93CF /* Debug */ = {
			isa = XCBuildConfiguration;
			buildSettings = {
				ALWAYS_SEARCH_USER_PATHS = NO;
				CLANG_ANALYZER_NONNULL = YES;
				CLANG_ANALYZER_NUMBER_OBJECT_CONVERSION = YES_AGGRESSIVE;
				CLANG_CXX_LANGUAGE_STANDARD = "gnu++14";
				CLANG_CXX_LIBRARY = "libc++";
				CLANG_ENABLE_MODULES = YES;
				CLANG_ENABLE_OBJC_ARC = YES;
				CLANG_ENABLE_OBJC_WEAK = YES;
				CLANG_WARN_BLOCK_CAPTURE_AUTORELEASING = YES;
				CLANG_WARN_BOOL_CONVERSION = YES;
				CLANG_WARN_COMMA = YES;
				CLANG_WARN_CONSTANT_CONVERSION = YES;
				CLANG_WARN_DEPRECATED_OBJC_IMPLEMENTATIONS = YES;
				CLANG_WARN_DIRECT_OBJC_ISA_USAGE = YES_ERROR;
				CLANG_WARN_DOCUMENTATION_COMMENTS = YES;
				CLANG_WARN_EMPTY_BODY = YES;
				CLANG_WARN_ENUM_CONVERSION = YES;
				CLANG_WARN_INFINITE_RECURSION = YES;
				CLANG_WARN_INT_CONVERSION = YES;
				CLANG_WARN_NON_LITERAL_NULL_CONVERSION = YES;
				CLANG_WARN_OBJC_IMPLICIT_RETAIN_SELF = YES;
				CLANG_WARN_OBJC_LITERAL_CONVERSION = YES;
				CLANG_WARN_OBJC_ROOT_CLASS = YES_ERROR;
				CLANG_WARN_RANGE_LOOP_ANALYSIS = YES;
				CLANG_WARN_STRICT_PROTOTYPES = YES;
				CLANG_WARN_SUSPICIOUS_MOVE = YES;
				CLANG_WARN_UNGUARDED_AVAILABILITY = YES_AGGRESSIVE;
				CLANG_WARN_UNREACHABLE_CODE = YES;
				CLANG_WARN__DUPLICATE_METHOD_MATCH = YES;
				CODE_SIGN_IDENTITY = "iPhone Developer";
				COPY_PHASE_STRIP = NO;
				DEBUG_INFORMATION_FORMAT = dwarf;
				ENABLE_STRICT_OBJC_MSGSEND = YES;
				ENABLE_TESTABILITY = YES;
				GCC_C_LANGUAGE_STANDARD = gnu11;
				GCC_DYNAMIC_NO_PIC = NO;
				GCC_NO_COMMON_BLOCKS = YES;
				GCC_OPTIMIZATION_LEVEL = 0;
				GCC_PREPROCESSOR_DEFINITIONS = (
					"DEBUG=1",
					"$(inherited)",
				);
				GCC_WARN_64_TO_32_BIT_CONVERSION = YES;
				GCC_WARN_ABOUT_RETURN_TYPE = YES_ERROR;
				GCC_WARN_UNDECLARED_SELECTOR = YES;
				GCC_WARN_UNINITIALIZED_AUTOS = YES_AGGRESSIVE;
				GCC_WARN_UNUSED_FUNCTION = YES;
				GCC_WARN_UNUSED_VARIABLE = YES;
				IPHONEOS_DEPLOYMENT_TARGET = 12.1;
				MTL_ENABLE_DEBUG_INFO = INCLUDE_SOURCE;
				MTL_FAST_MATH = YES;
				ONLY_ACTIVE_ARCH = YES;
				SDKROOT = iphoneos;
			};
			name = Debug;
		};
		1091CF1322A102C8009E93CF /* Release */ = {
			isa = XCBuildConfiguration;
			buildSettings = {
				ALWAYS_SEARCH_USER_PATHS = NO;
				CLANG_ANALYZER_NONNULL = YES;
				CLANG_ANALYZER_NUMBER_OBJECT_CONVERSION = YES_AGGRESSIVE;
				CLANG_CXX_LANGUAGE_STANDARD = "gnu++14";
				CLANG_CXX_LIBRARY = "libc++";
				CLANG_ENABLE_MODULES = YES;
				CLANG_ENABLE_OBJC_ARC = YES;
				CLANG_ENABLE_OBJC_WEAK = YES;
				CLANG_WARN_BLOCK_CAPTURE_AUTORELEASING = YES;
				CLANG_WARN_BOOL_CONVERSION = YES;
				CLANG_WARN_COMMA = YES;
				CLANG_WARN_CONSTANT_CONVERSION = YES;
				CLANG_WARN_DEPRECATED_OBJC_IMPLEMENTATIONS = YES;
				CLANG_WARN_DIRECT_OBJC_ISA_USAGE = YES_ERROR;
				CLANG_WARN_DOCUMENTATION_COMMENTS = YES;
				CLANG_WARN_EMPTY_BODY = YES;
				CLANG_WARN_ENUM_CONVERSION = YES;
				CLANG_WARN_INFINITE_RECURSION = YES;
				CLANG_WARN_INT_CONVERSION = YES;
				CLANG_WARN_NON_LITERAL_NULL_CONVERSION = YES;
				CLANG_WARN_OBJC_IMPLICIT_RETAIN_SELF = YES;
				CLANG_WARN_OBJC_LITERAL_CONVERSION = YES;
				CLANG_WARN_OBJC_ROOT_CLASS = YES_ERROR;
				CLANG_WARN_RANGE_LOOP_ANALYSIS = YES;
				CLANG_WARN_STRICT_PROTOTYPES = YES;
				CLANG_WARN_SUSPICIOUS_MOVE = YES;
				CLANG_WARN_UNGUARDED_AVAILABILITY = YES_AGGRESSIVE;
				CLANG_WARN_UNREACHABLE_CODE = YES;
				CLANG_WARN__DUPLICATE_METHOD_MATCH = YES;
				CODE_SIGN_IDENTITY = "iPhone Developer";
				COPY_PHASE_STRIP = NO;
				DEBUG_INFORMATION_FORMAT = "dwarf-with-dsym";
				ENABLE_NS_ASSERTIONS = NO;
				ENABLE_STRICT_OBJC_MSGSEND = YES;
				GCC_C_LANGUAGE_STANDARD = gnu11;
				GCC_NO_COMMON_BLOCKS = YES;
				GCC_WARN_64_TO_32_BIT_CONVERSION = YES;
				GCC_WARN_ABOUT_RETURN_TYPE = YES_ERROR;
				GCC_WARN_UNDECLARED_SELECTOR = YES;
				GCC_WARN_UNINITIALIZED_AUTOS = YES_AGGRESSIVE;
				GCC_WARN_UNUSED_FUNCTION = YES;
				GCC_WARN_UNUSED_VARIABLE = YES;
				IPHONEOS_DEPLOYMENT_TARGET = 12.1;
				MTL_ENABLE_DEBUG_INFO = NO;
				MTL_FAST_MATH = YES;
				SDKROOT = iphoneos;
				VALIDATE_PRODUCT = YES;
			};
			name = Release;
		};
		1091CF1522A102C8009E93CF /* Debug */ = {
			isa = XCBuildConfiguration;
			baseConfigurationReference = 0C7A660F81BFB398199F4CF6 /* Pods-JLRouteDemo.debug.xcconfig */;
			buildSettings = {
				ASSETCATALOG_COMPILER_APPICON_NAME = AppIcon;
				CODE_SIGN_STYLE = Automatic;
				DEVELOPMENT_TEAM = BG4PXE43BN;
				INFOPLIST_FILE = JLRouteDemo/Info.plist;
				LD_RUNPATH_SEARCH_PATHS = (
					"$(inherited)",
					"@executable_path/Frameworks",
				);
				PRODUCT_BUNDLE_IDENTIFIER = com.ChangDaoTest.JLRouteDemo;
				PRODUCT_NAME = "$(TARGET_NAME)";
				TARGETED_DEVICE_FAMILY = "1,2";
			};
			name = Debug;
		};
		1091CF1622A102C8009E93CF /* Release */ = {
			isa = XCBuildConfiguration;
			baseConfigurationReference = 420355682F88B211EC1767B2 /* Pods-JLRouteDemo.release.xcconfig */;
			buildSettings = {
				ASSETCATALOG_COMPILER_APPICON_NAME = AppIcon;
				CODE_SIGN_STYLE = Automatic;
				DEVELOPMENT_TEAM = BG4PXE43BN;
				INFOPLIST_FILE = JLRouteDemo/Info.plist;
				LD_RUNPATH_SEARCH_PATHS = (
					"$(inherited)",
					"@executable_path/Frameworks",
				);
				PRODUCT_BUNDLE_IDENTIFIER = com.ChangDaoTest.JLRouteDemo;
				PRODUCT_NAME = "$(TARGET_NAME)";
				TARGETED_DEVICE_FAMILY = "1,2";
			};
			name = Release;
		};
/* End XCBuildConfiguration section */

/* Begin XCConfigurationList section */
		1091CEF922A102C6009E93CF /* Build configuration list for PBXProject "JLRouteDemo" */ = {
			isa = XCConfigurationList;
			buildConfigurations = (
				1091CF1222A102C8009E93CF /* Debug */,
				1091CF1322A102C8009E93CF /* Release */,
			);
			defaultConfigurationIsVisible = 0;
			defaultConfigurationName = Release;
		};
		1091CF1422A102C8009E93CF /* Build configuration list for PBXNativeTarget "JLRouteDemo" */ = {
			isa = XCConfigurationList;
			buildConfigurations = (
				1091CF1522A102C8009E93CF /* Debug */,
				1091CF1622A102C8009E93CF /* Release */,
			);
			defaultConfigurationIsVisible = 0;
			defaultConfigurationName = Release;
		};
/* End XCConfigurationList section */
	};
	rootObject = 1091CEF622A102C6009E93CF /* Project object */;
}
